
Microsoft Visual Studio Solution File, Format Version 12.00
# Visual Studio Version 17
VisualStudioVersion = 17.3.32922.545
MinimumVisualStudioVersion = 10.0.40219.1
Project("{9A19103F-16F7-4668-BE54-9A1E7A4F7556}") = "WebApp", "WebApp\WebApp.csproj", "{A06B0E77-9DD6-4115-B480-F18AE7D0E8CB}"
EndProject
Project("{9A19103F-16F7-4668-BE54-9A1E7A4F7556}") = "PostAPI", "PostAPI\PostAPI.csproj", "{64288FB4-ABFD-475D-8E6B-8646FB77B3C8}"
EndProject
Project("{2150E333-8FDC-42A3-9474-1A3956D46DE8}") = "Solution Items", "Solution Items", "{A4E93096-0B67-4579-A118-DE2B294C398A}"
	ProjectSection(SolutionItems) = preProject
		docker-compose.yaml = docker-compose.yaml
		dockerfile = dockerfile
	EndProjectSection
EndProject
Global
	GlobalSection(SolutionConfigurationPlatforms) = preSolution
		Debug|Any CPU = Debug|Any CPU
		Release|Any CPU = Release|Any CPU
	EndGlobalSection
	GlobalSection(ProjectConfigurationPlatforms) = postSolution
		{A06B0E77-9DD6-4115-B480-F18AE7D0E8CB}.Debug|Any CPU.ActiveCfg = Debug|Any CPU
		{A06B0E77-9DD6-4115-B480-F18AE7D0E8CB}.Debug|Any CPU.Build.0 = Debug|Any CPU
		{A06B0E77-9DD6-4115-B480-F18AE7D0E8CB}.Release|Any CPU.ActiveCfg = Release|Any CPU
		{A06B0E77-9DD6-4115-B480-F18AE7D0E8CB}.Release|Any CPU.Build.0 = Release|Any CPU
		{64288FB4-ABFD-475D-8E6B-8646FB77B3C8}.Debug|Any CPU.ActiveCfg = Debug|Any CPU
		{64288FB4-ABFD-475D-8E6B-8646FB77B3C8}.Debug|Any CPU.Build.0 = Debug|Any CPU
		{64288FB4-ABFD-475D-8E6B-8646FB77B3C8}.Release|Any CPU.ActiveCfg = Release|Any CPU
		{64288FB4-ABFD-475D-8E6B-8646FB77B3C8}.Release|Any CPU.Build.0 = Release|Any CPU
	EndGlobalSection
	GlobalSection(SolutionProperties) = preSolution
		HideSolutionNode = FALSE
	EndGlobalSection
	GlobalSection(ExtensibilityGlobals) = postSolution
		SolutionGuid = {6F624690-FE2B-4775-9433-4258E6A7805D}
	EndGlobalSection
EndGlobal
